// !$*UTF8*$!
{
	archiveVersion = 1;
	classes = {
	};
	objectVersion = 51;
	objects = {

/* Begin PBXBuildFile section */
		136949C595197D8609AE7E2F /* Pods_FoursquareCloneApp.framework in Frameworks */ = {isa = PBXBuildFile; fileRef = FEB532A7870226CC1872B74D /* Pods_FoursquareCloneApp.framework */; };
		56404A7A240C3CEB00495615 /* PlaceMapViewController.swift in Sources */ = {isa = PBXBuildFile; fileRef = 56404A79240C3CEB00495615 /* PlaceMapViewController.swift */; };
		5640BE9C23D4FF050080D34C /* AppDelegate.swift in Sources */ = {isa = PBXBuildFile; fileRef = 5640BE9B23D4FF050080D34C /* AppDelegate.swift */; };
		5640BE9E23D4FF050080D34C /* SceneDelegate.swift in Sources */ = {isa = PBXBuildFile; fileRef = 5640BE9D23D4FF050080D34C /* SceneDelegate.swift */; };
		5640BEA023D4FF050080D34C /* PlacesViewController.swift in Sources */ = {isa = PBXBuildFile; fileRef = 5640BE9F23D4FF050080D34C /* PlacesViewController.swift */; };
		5640BEA323D4FF050080D34C /* Main.storyboard in Resources */ = {isa = PBXBuildFile; fileRef = 5640BEA123D4FF050080D34C /* Main.storyboard */; };
		5640BEA523D4FF0D0080D34C /* Assets.xcassets in Resources */ = {isa = PBXBuildFile; fileRef = 5640BEA423D4FF0D0080D34C /* Assets.xcassets */; };
		5640BEA823D4FF0D0080D34C /* LaunchScreen.storyboard in Resources */ = {isa = PBXBuildFile; fileRef = 5640BEA623D4FF0D0080D34C /* LaunchScreen.storyboard */; };
		5640BEB223D5E83E0080D34C /* SignInViewController.swift in Sources */ = {isa = PBXBuildFile; fileRef = 5640BEB123D5E83E0080D34C /* SignInViewController.swift */; };
		5640BEB423D5E85B0080D34C /* Models.swift in Sources */ = {isa = PBXBuildFile; fileRef = 5640BEB323D5E85B0080D34C /* Models.swift */; };
		5640BEB623D5EA960080D34C /* Colors.swift in Sources */ = {isa = PBXBuildFile; fileRef = 5640BEB523D5EA960080D34C /* Colors.swift */; };
		5640BEB923D70CEC0080D34C /* SignUpViewController.swift in Sources */ = {isa = PBXBuildFile; fileRef = 5640BEB823D70CEC0080D34C /* SignUpViewController.swift */; };
		5640BEBC23D899540080D34C /* PlaceCell.swift in Sources */ = {isa = PBXBuildFile; fileRef = 5640BEBA23D899540080D34C /* PlaceCell.swift */; };
		5640BEBD23D899540080D34C /* PlaceCell.xib in Resources */ = {isa = PBXBuildFile; fileRef = 5640BEBB23D899540080D34C /* PlaceCell.xib */; };
		5640BEBF23DF238F0080D34C /* AddPlaceViewController.swift in Sources */ = {isa = PBXBuildFile; fileRef = 5640BEBE23DF238F0080D34C /* AddPlaceViewController.swift */; };
		5640BEC123E6F3EC0080D34C /* UserDetailsViewController.swift in Sources */ = {isa = PBXBuildFile; fileRef = 5640BEC023E6F3EC0080D34C /* UserDetailsViewController.swift */; };
		56DB8E0A23FFC13800F76433 /* MapViewController.swift in Sources */ = {isa = PBXBuildFile; fileRef = 56DB8E0923FFC13800F76433 /* MapViewController.swift */; };
		56DB8E0C2402FDD400F76433 /* PlaceDetailsViewController.swift in Sources */ = {isa = PBXBuildFile; fileRef = 56DB8E0B2402FDD400F76433 /* PlaceDetailsViewController.swift */; };
/* End PBXBuildFile section */

/* Begin PBXFileReference section */
		56404A79240C3CEB00495615 /* PlaceMapViewController.swift */ = {isa = PBXFileReference; lastKnownFileType = sourcecode.swift; path = PlaceMapViewController.swift; sourceTree = "<group>"; };
		5640BE9823D4FF050080D34C /* FoursquareCloneApp.app */ = {isa = PBXFileReference; explicitFileType = wrapper.application; includeInIndex = 0; path = FoursquareCloneApp.app; sourceTree = BUILT_PRODUCTS_DIR; };
		5640BE9B23D4FF050080D34C /* AppDelegate.swift */ = {isa = PBXFileReference; lastKnownFileType = sourcecode.swift; path = AppDelegate.swift; sourceTree = "<group>"; };
		5640BE9D23D4FF050080D34C /* SceneDelegate.swift */ = {isa = PBXFileReference; lastKnownFileType = sourcecode.swift; path = SceneDelegate.swift; sourceTree = "<group>"; };
		5640BE9F23D4FF050080D34C /* PlacesViewController.swift */ = {isa = PBXFileReference; lastKnownFileType = sourcecode.swift; path = PlacesViewController.swift; sourceTree = "<group>"; };
		5640BEA223D4FF050080D34C /* Base */ = {isa = PBXFileReference; lastKnownFileType = file.storyboard; name = Base; path = Base.lproj/Main.storyboard; sourceTree = "<group>"; };
		5640BEA423D4FF0D0080D34C /* Assets.xcassets */ = {isa = PBXFileReference; lastKnownFileType = folder.assetcatalog; path = Assets.xcassets; sourceTree = "<group>"; };
		5640BEA723D4FF0D0080D34C /* Base */ = {isa = PBXFileReference; lastKnownFileType = file.storyboard; name = Base; path = Base.lproj/LaunchScreen.storyboard; sourceTree = "<group>"; };
		5640BEA923D4FF0D0080D34C /* Info.plist */ = {isa = PBXFileReference; lastKnownFileType = text.plist.xml; path = Info.plist; sourceTree = "<group>"; };
		5640BEB123D5E83E0080D34C /* SignInViewController.swift */ = {isa = PBXFileReference; lastKnownFileType = sourcecode.swift; path = SignInViewController.swift; sourceTree = "<group>"; };
		5640BEB323D5E85B0080D34C /* Models.swift */ = {isa = PBXFileReference; lastKnownFileType = sourcecode.swift; path = Models.swift; sourceTree = "<group>"; };
		5640BEB523D5EA960080D34C /* Colors.swift */ = {isa = PBXFileReference; lastKnownFileType = sourcecode.swift; path = Colors.swift; sourceTree = "<group>"; };
		5640BEB823D70CEC0080D34C /* SignUpViewController.swift */ = {isa = PBXFileReference; lastKnownFileType = sourcecode.swift; path = SignUpViewController.swift; sourceTree = "<group>"; };
		5640BEBA23D899540080D34C /* PlaceCell.swift */ = {isa = PBXFileReference; lastKnownFileType = sourcecode.swift; path = PlaceCell.swift; sourceTree = "<group>"; };
		5640BEBB23D899540080D34C /* PlaceCell.xib */ = {isa = PBXFileReference; lastKnownFileType = file.xib; path = PlaceCell.xib; sourceTree = "<group>"; };
		5640BEBE23DF238F0080D34C /* AddPlaceViewController.swift */ = {isa = PBXFileReference; lastKnownFileType = sourcecode.swift; path = AddPlaceViewController.swift; sourceTree = "<group>"; };
		5640BEC023E6F3EC0080D34C /* UserDetailsViewController.swift */ = {isa = PBXFileReference; lastKnownFileType = sourcecode.swift; path = UserDetailsViewController.swift; sourceTree = "<group>"; };
		56DB8E0923FFC13800F76433 /* MapViewController.swift */ = {isa = PBXFileReference; lastKnownFileType = sourcecode.swift; path = MapViewController.swift; sourceTree = "<group>"; };
		56DB8E0B2402FDD400F76433 /* PlaceDetailsViewController.swift */ = {isa = PBXFileReference; lastKnownFileType = sourcecode.swift; path = PlaceDetailsViewController.swift; sourceTree = "<group>"; };
		7D3C41E73395663D1C3A133B /* Pods-FoursquareCloneApp.debug.xcconfig */ = {isa = PBXFileReference; includeInIndex = 1; lastKnownFileType = text.xcconfig; name = "Pods-FoursquareCloneApp.debug.xcconfig"; path = "Target Support Files/Pods-FoursquareCloneApp/Pods-FoursquareCloneApp.debug.xcconfig"; sourceTree = "<group>"; };
		D75CC496421FAA9047DC75E0 /* Pods-FoursquareCloneApp.release.xcconfig */ = {isa = PBXFileReference; includeInIndex = 1; lastKnownFileType = text.xcconfig; name = "Pods-FoursquareCloneApp.release.xcconfig"; path = "Target Support Files/Pods-FoursquareCloneApp/Pods-FoursquareCloneApp.release.xcconfig"; sourceTree = "<group>"; };
		FEB532A7870226CC1872B74D /* Pods_FoursquareCloneApp.framework */ = {isa = PBXFileReference; explicitFileType = wrapper.framework; includeInIndex = 0; path = Pods_FoursquareCloneApp.framework; sourceTree = BUILT_PRODUCTS_DIR; };
/* End PBXFileReference section */

/* Begin PBXFrameworksBuildPhase section */
		5640BE9523D4FF050080D34C /* Frameworks */ = {
			isa = PBXFrameworksBuildPhase;
			buildActionMask = 2147483647;
			files = (
				136949C595197D8609AE7E2F /* Pods_FoursquareCloneApp.framework in Frameworks */,
			);
			runOnlyForDeploymentPostprocessing = 0;
		};
/* End PBXFrameworksBuildPhase section */

/* Begin PBXGroup section */
		2B51BEBC699D7F971FA183B7 /* Pods */ = {
			isa = PBXGroup;
			children = (
				7D3C41E73395663D1C3A133B /* Pods-FoursquareCloneApp.debug.xcconfig */,
				D75CC496421FAA9047DC75E0 /* Pods-FoursquareCloneApp.release.xcconfig */,
			);
			path = Pods;
			sourceTree = "<group>";
		};
		5640BE8F23D4FF050080D34C = {
			isa = PBXGroup;
			children = (
				5640BE9A23D4FF050080D34C /* FoursquareCloneApp */,
				5640BE9923D4FF050080D34C /* Products */,
				2B51BEBC699D7F971FA183B7 /* Pods */,
				86B5065FDA590135B0D0615C /* Frameworks */,
			);
			sourceTree = "<group>";
		};
		5640BE9923D4FF050080D34C /* Products */ = {
			isa = PBXGroup;
			children = (
				5640BE9823D4FF050080D34C /* FoursquareCloneApp.app */,
			);
			name = Products;
			sourceTree = "<group>";
		};
		5640BE9A23D4FF050080D34C /* FoursquareCloneApp */ = {
			isa = PBXGroup;
			children = (
				5640BEB323D5E85B0080D34C /* Models.swift */,
				5640BEBA23D899540080D34C /* PlaceCell.swift */,
				5640BEBB23D899540080D34C /* PlaceCell.xib */,
				5640BE9F23D4FF050080D34C /* PlacesViewController.swift */,
				5640BE9B23D4FF050080D34C /* AppDelegate.swift */,
				5640BEB123D5E83E0080D34C /* SignInViewController.swift */,
				5640BEB823D70CEC0080D34C /* SignUpViewController.swift */,
				5640BE9D23D4FF050080D34C /* SceneDelegate.swift */,
				5640BEB523D5EA960080D34C /* Colors.swift */,
				5640BEA123D4FF050080D34C /* Main.storyboard */,
				5640BEA423D4FF0D0080D34C /* Assets.xcassets */,
				5640BEA623D4FF0D0080D34C /* LaunchScreen.storyboard */,
				5640BEA923D4FF0D0080D34C /* Info.plist */,
				5640BEBE23DF238F0080D34C /* AddPlaceViewController.swift */,
				5640BEC023E6F3EC0080D34C /* UserDetailsViewController.swift */,
				56DB8E0923FFC13800F76433 /* MapViewController.swift */,
				56DB8E0B2402FDD400F76433 /* PlaceDetailsViewController.swift */,
				56404A79240C3CEB00495615 /* PlaceMapViewController.swift */,
			);
			path = FoursquareCloneApp;
			sourceTree = "<group>";
		};
		86B5065FDA590135B0D0615C /* Frameworks */ = {
			isa = PBXGroup;
			children = (
				FEB532A7870226CC1872B74D /* Pods_FoursquareCloneApp.framework */,
			);
			name = Frameworks;
			sourceTree = "<group>";
		};
/* End PBXGroup section */

/* Begin PBXNativeTarget section */
		5640BE9723D4FF050080D34C /* FoursquareCloneApp */ = {
			isa = PBXNativeTarget;
			buildConfigurationList = 5640BEAC23D4FF0D0080D34C /* Build configuration list for PBXNativeTarget "FoursquareCloneApp" */;
			buildPhases = (
				FCDA32B3F62F28DF7758B471 /* [CP] Check Pods Manifest.lock */,
				5640BE9423D4FF050080D34C /* Sources */,
				5640BE9523D4FF050080D34C /* Frameworks */,
				5640BE9623D4FF050080D34C /* Resources */,
				367B490EB6DB42C87B6EBD7D /* [CP] Embed Pods Frameworks */,
			);
			buildRules = (
			);
			dependencies = (
			);
			name = FoursquareCloneApp;
			productName = FoursquareCloneApp;
			productReference = 5640BE9823D4FF050080D34C /* FoursquareCloneApp.app */;
			productType = "com.apple.product-type.application";
		};
/* End PBXNativeTarget section */

/* Begin PBXProject section */
		5640BE9023D4FF050080D34C /* Project object */ = {
			isa = PBXProject;
			attributes = {
				LastSwiftUpdateCheck = 1130;
				LastUpgradeCheck = 1130;
				ORGANIZATIONNAME = "Bilal Candemir";
				TargetAttributes = {
					5640BE9723D4FF050080D34C = {
						CreatedOnToolsVersion = 11.3;
					};
				};
			};
			buildConfigurationList = 5640BE9323D4FF050080D34C /* Build configuration list for PBXProject "FoursquareCloneApp" */;
			compatibilityVersion = "Xcode 9.3";
			developmentRegion = en;
			hasScannedForEncodings = 0;
			knownRegions = (
				en,
				Base,
			);
			mainGroup = 5640BE8F23D4FF050080D34C;
			productRefGroup = 5640BE9923D4FF050080D34C /* Products */;
			projectDirPath = "";
			projectRoot = "";
			targets = (
				5640BE9723D4FF050080D34C /* FoursquareCloneApp */,
			);
		};
/* End PBXProject section */

/* Begin PBXResourcesBuildPhase section */
		5640BE9623D4FF050080D34C /* Resources */ = {
			isa = PBXResourcesBuildPhase;
			buildActionMask = 2147483647;
			files = (
				5640BEA823D4FF0D0080D34C /* LaunchScreen.storyboard in Resources */,
				5640BEA523D4FF0D0080D34C /* Assets.xcassets in Resources */,
				5640BEA323D4FF050080D34C /* Main.storyboard in Resources */,
				5640BEBD23D899540080D34C /* PlaceCell.xib in Resources */,
			);
			runOnlyForDeploymentPostprocessing = 0;
		};
/* End PBXResourcesBuildPhase section */

/* Begin PBXShellScriptBuildPhase section */
		367B490EB6DB42C87B6EBD7D /* [CP] Embed Pods Frameworks */ = {
			isa = PBXShellScriptBuildPhase;
			buildActionMask = 2147483647;
			files = (
			);
			inputFileListPaths = (
				"${PODS_ROOT}/Target Support Files/Pods-FoursquareCloneApp/Pods-FoursquareCloneApp-frameworks-${CONFIGURATION}-input-files.xcfilelist",
			);
			name = "[CP] Embed Pods Frameworks";
			outputFileListPaths = (
				"${PODS_ROOT}/Target Support Files/Pods-FoursquareCloneApp/Pods-FoursquareCloneApp-frameworks-${CONFIGURATION}-output-files.xcfilelist",
			);
			runOnlyForDeploymentPostprocessing = 0;
			shellPath = /bin/sh;
			shellScript = "\"${PODS_ROOT}/Target Support Files/Pods-FoursquareCloneApp/Pods-FoursquareCloneApp-frameworks.sh\"\n";
			showEnvVarsInLog = 0;
		};
		FCDA32B3F62F28DF7758B471 /* [CP] Check Pods Manifest.lock */ = {
			isa = PBXShellScriptBuildPhase;
			buildActionMask = 2147483647;
			files = (
			);
			inputFileListPaths = (
			);
			inputPaths = (
				"${PODS_PODFILE_DIR_PATH}/Podfile.lock",
				"${PODS_ROOT}/Manifest.lock",
			);
			name = "[CP] Check Pods Manifest.lock";
			outputFileListPaths = (
			);
			outputPaths = (
				"$(DERIVED_FILE_DIR)/Pods-FoursquareCloneApp-checkManifestLockResult.txt",
			);
			runOnlyForDeploymentPostprocessing = 0;
			shellPath = /bin/sh;
			shellScript = "diff \"${PODS_PODFILE_DIR_PATH}/Podfile.lock\" \"${PODS_ROOT}/Manifest.lock\" > /dev/null\nif [ $? != 0 ] ; then\n    # print error to STDERR\n    echo \"error: The sandbox is not in sync with the Podfile.lock. Run 'pod install' or update your CocoaPods installation.\" >&2\n    exit 1\nfi\n# This output is used by Xcode 'outputs' to avoid re-running this script phase.\necho \"SUCCESS\" > \"${SCRIPT_OUTPUT_FILE_0}\"\n";
			showEnvVarsInLog = 0;
		};
/* End PBXShellScriptBuildPhase section */

/* Begin PBXSourcesBuildPhase section */
		5640BE9423D4FF050080D34C /* Sources */ = {
			isa = PBXSourcesBuildPhase;
			buildActionMask = 2147483647;
			files = (
				56DB8E0A23FFC13800F76433 /* MapViewController.swift in Sources */,
				5640BEC123E6F3EC0080D34C /* UserDetailsViewController.swift in Sources */,
				5640BEB223D5E83E0080D34C /* SignInViewController.swift in Sources */,
				5640BEB923D70CEC0080D34C /* SignUpViewController.swift in Sources */,
				5640BEB623D5EA960080D34C /* Colors.swift in Sources */,
				56404A7A240C3CEB00495615 /* PlaceMapViewController.swift in Sources */,
				5640BEBF23DF238F0080D34C /* AddPlaceViewController.swift in Sources */,
				56DB8E0C2402FDD400F76433 /* PlaceDetailsViewController.swift in Sources */,
				5640BEA023D4FF050080D34C /* PlacesViewController.swift in Sources */,
				5640BE9C23D4FF050080D34C /* AppDelegate.swift in Sources */,
				5640BE9E23D4FF050080D34C /* SceneDelegate.swift in Sources */,
				5640BEB423D5E85B0080D34C /* Models.swift in Sources */,
				5640BEBC23D899540080D34C /* PlaceCell.swift in Sources */,
			);
			runOnlyForDeploymentPostprocessing = 0;
		};
/* End PBXSourcesBuildPhase section */

/* Begin PBXVariantGroup section */
		5640BEA123D4FF050080D34C /* Main.storyboard */ = {
			isa = PBXVariantGroup;
			children = (
				5640BEA223D4FF050080D34C /* Base */,
			);
			name = Main.storyboard;
			sourceTree = "<group>";
		};
		5640BEA623D4FF0D0080D34C /* LaunchScreen.storyboard */ = {
			isa = PBXVariantGroup;
			children = (
				5640BEA723D4FF0D0080D34C /* Base */,
			);
			name = LaunchScreen.storyboard;
			sourceTree = "<group>";
		};
/* End PBXVariantGroup section */

/* Begin XCBuildConfiguration section */
		5640BEAA23D4FF0D0080D34C /* Debug */ = {
			isa = XCBuildConfiguration;
			buildSettings = {
				ALWAYS_SEARCH_USER_PATHS = NO;
				CLANG_ANALYZER_NONNULL = YES;
				CLANG_ANALYZER_NUMBER_OBJECT_CONVERSION = YES_AGGRESSIVE;
				CLANG_CXX_LANGUAGE_STANDARD = "gnu++14";
				CLANG_CXX_LIBRARY = "libc++";
				CLANG_ENABLE_MODULES = YES;
				CLANG_ENABLE_OBJC_ARC = YES;
				CLANG_ENABLE_OBJC_WEAK = YES;
				CLANG_WARN_BLOCK_CAPTURE_AUTORELEASING = YES;
				CLANG_WARN_BOOL_CONVERSION = YES;
				CLANG_WARN_COMMA = YES;
				CLANG_WARN_CONSTANT_CONVERSION = YES;
				CLANG_WARN_DEPRECATED_OBJC_IMPLEMENTATIONS = YES;
				CLANG_WARN_DIRECT_OBJC_ISA_USAGE = YES_ERROR;
				CLANG_WARN_DOCUMENTATION_COMMENTS = YES;
				CLANG_WARN_EMPTY_BODY = YES;
				CLANG_WARN_ENUM_CONVERSION = YES;
				CLANG_WARN_INFINITE_RECURSION = YES;
				CLANG_WARN_INT_CONVERSION = YES;
				CLANG_WARN_NON_LITERAL_NULL_CONVERSION = YES;
				CLANG_WARN_OBJC_IMPLICIT_RETAIN_SELF = YES;
				CLANG_WARN_OBJC_LITERAL_CONVERSION = YES;
				CLANG_WARN_OBJC_ROOT_CLASS = YES_ERROR;
				CLANG_WARN_RANGE_LOOP_ANALYSIS = YES;
				CLANG_WARN_STRICT_PROTOTYPES = YES;
				CLANG_WARN_SUSPICIOUS_MOVE = YES;
				CLANG_WARN_UNGUARDED_AVAILABILITY = YES_AGGRESSIVE;
				CLANG_WARN_UNREACHABLE_CODE = YES;
				CLANG_WARN__DUPLICATE_METHOD_MATCH = YES;
				COPY_PHASE_STRIP = NO;
				DEBUG_INFORMATION_FORMAT = dwarf;
				ENABLE_STRICT_OBJC_MSGSEND = YES;
				ENABLE_TESTABILITY = YES;
				GCC_C_LANGUAGE_STANDARD = gnu11;
				GCC_DYNAMIC_NO_PIC = NO;
				GCC_NO_COMMON_BLOCKS = YES;
				GCC_OPTIMIZATION_LEVEL = 0;
				GCC_PREPROCESSOR_DEFINITIONS = (
					"DEBUG=1",
					"$(inherited)",
				);
				GCC_WARN_64_TO_32_BIT_CONVERSION = YES;
				GCC_WARN_ABOUT_RETURN_TYPE = YES_ERROR;
				GCC_WARN_UNDECLARED_SELECTOR = YES;
				GCC_WARN_UNINITIALIZED_AUTOS = YES_AGGRESSIVE;
				GCC_WARN_UNUSED_FUNCTION = YES;
				GCC_WARN_UNUSED_VARIABLE = YES;
				IPHONEOS_DEPLOYMENT_TARGET = 13.2;
				MTL_ENABLE_DEBUG_INFO = INCLUDE_SOURCE;
				MTL_FAST_MATH = YES;
				ONLY_ACTIVE_ARCH = YES;
				SDKROOT = iphoneos;
				SWIFT_ACTIVE_COMPILATION_CONDITIONS = DEBUG;
				SWIFT_OPTIMIZATION_LEVEL = "-Onone";
			};
			name = Debug;
		};
		5640BEAB23D4FF0D0080D34C /* Release */ = {
			isa = XCBuildConfiguration;
			buildSettings = {
				ALWAYS_SEARCH_USER_PATHS = NO;
				CLANG_ANALYZER_NONNULL = YES;
				CLANG_ANALYZER_NUMBER_OBJECT_CONVERSION = YES_AGGRESSIVE;
				CLANG_CXX_LANGUAGE_STANDARD = "gnu++14";
				CLANG_CXX_LIBRARY = "libc++";
				CLANG_ENABLE_MODULES = YES;
				CLANG_ENABLE_OBJC_ARC = YES;
				CLANG_ENABLE_OBJC_WEAK = YES;
				CLANG_WARN_BLOCK_CAPTURE_AUTORELEASING = YES;
				CLANG_WARN_BOOL_CONVERSION = YES;
				CLANG_WARN_COMMA = YES;
				CLANG_WARN_CONSTANT_CONVERSION = YES;
				CLANG_WARN_DEPRECATED_OBJC_IMPLEMENTATIONS = YES;
				CLANG_WARN_DIRECT_OBJC_ISA_USAGE = YES_ERROR;
				CLANG_WARN_DOCUMENTATION_COMMENTS = YES;
				CLANG_WARN_EMPTY_BODY = YES;
				CLANG_WARN_ENUM_CONVERSION = YES;
				CLANG_WARN_INFINITE_RECURSION = YES;
				CLANG_WARN_INT_CONVERSION = YES;
				CLANG_WARN_NON_LITERAL_NULL_CONVERSION = YES;
				CLANG_WARN_OBJC_IMPLICIT_RETAIN_SELF = YES;
				CLANG_WARN_OBJC_LITERAL_CONVERSION = YES;
				CLANG_WARN_OBJC_ROOT_CLASS = YES_ERROR;
				CLANG_WARN_RANGE_LOOP_ANALYSIS = YES;
				CLANG_WARN_STRICT_PROTOTYPES = YES;
				CLANG_WARN_SUSPICIOUS_MOVE = YES;
				CLANG_WARN_UNGUARDED_AVAILABILITY = YES_AGGRESSIVE;
				CLANG_WARN_UNREACHABLE_CODE = YES;
				CLANG_WARN__DUPLICATE_METHOD_MATCH = YES;
				COPY_PHASE_STRIP = NO;
				DEBUG_INFORMATION_FORMAT = "dwarf-with-dsym";
				ENABLE_NS_ASSERTIONS = NO;
				ENABLE_STRICT_OBJC_MSGSEND = YES;
				GCC_C_LANGUAGE_STANDARD = gnu11;
				GCC_NO_COMMON_BLOCKS = YES;
				GCC_WARN_64_TO_32_BIT_CONVERSION = YES;
				GCC_WARN_ABOUT_RETURN_TYPE = YES_ERROR;
				GCC_WARN_UNDECLARED_SELECTOR = YES;
				GCC_WARN_UNINITIALIZED_AUTOS = YES_AGGRESSIVE;
				GCC_WARN_UNUSED_FUNCTION = YES;
				GCC_WARN_UNUSED_VARIABLE = YES;
				IPHONEOS_DEPLOYMENT_TARGET = 13.2;
				MTL_ENABLE_DEBUG_INFO = NO;
				MTL_FAST_MATH = YES;
				SDKROOT = iphoneos;
				SWIFT_COMPILATION_MODE = wholemodule;
				SWIFT_OPTIMIZATION_LEVEL = "-O";
				VALIDATE_PRODUCT = YES;
			};
			name = Release;
		};
		5640BEAD23D4FF0D0080D34C /* Debug */ = {
			isa = XCBuildConfiguration;
			baseConfigurationReference = 7D3C41E73395663D1C3A133B /* Pods-FoursquareCloneApp.debug.xcconfig */;
			buildSettings = {
				ASSETCATALOG_COMPILER_APPICON_NAME = AppIcon;
				CODE_SIGN_STYLE = Automatic;
				DEVELOPMENT_TEAM = 4V65M99L44;
				INFOPLIST_FILE = FoursquareCloneApp/Info.plist;
				LD_RUNPATH_SEARCH_PATHS = (
					"$(inherited)",
					"@executable_path/Frameworks",
				);
				PRODUCT_BUNDLE_IDENTIFIER = com.bilalcandemir.FoursquareCloneApp;
				PRODUCT_NAME = "$(TARGET_NAME)";
				SWIFT_VERSION = 5.0;
				TARGETED_DEVICE_FAMILY = "1,2";
			};
			name = Debug;
		};
		5640BEAE23D4FF0D0080D34C /* Release */ = {
			isa = XCBuildConfiguration;
			baseConfigurationReference = D75CC496421FAA9047DC75E0 /* Pods-FoursquareCloneApp.release.xcconfig */;
			buildSettings = {
				ASSETCATALOG_COMPILER_APPICON_NAME = AppIcon;
				CODE_SIGN_STYLE = Automatic;
				DEVELOPMENT_TEAM = 4V65M99L44;
				INFOPLIST_FILE = FoursquareCloneApp/Info.plist;
				LD_RUNPATH_SEARCH_PATHS = (
					"$(inherited)",
					"@executable_path/Frameworks",
				);
				PRODUCT_BUNDLE_IDENTIFIER = com.bilalcandemir.FoursquareCloneApp;
				PRODUCT_NAME = "$(TARGET_NAME)";
				SWIFT_VERSION = 5.0;
				TARGETED_DEVICE_FAMILY = "1,2";
			};
			name = Release;
		};
/* End XCBuildConfiguration section */

/* Begin XCConfigurationList section */
		5640BE9323D4FF050080D34C /* Build configuration list for PBXProject "FoursquareCloneApp" */ = {
			isa = XCConfigurationList;
			buildConfigurations = (
				5640BEAA23D4FF0D0080D34C /* Debug */,
				5640BEAB23D4FF0D0080D34C /* Release */,
			);
			defaultConfigurationIsVisible = 0;
			defaultConfigurationName = Release;
		};
		5640BEAC23D4FF0D0080D34C /* Build configuration list for PBXNativeTarget "FoursquareCloneApp" */ = {
			isa = XCConfigurationList;
			buildConfigurations = (
				5640BEAD23D4FF0D0080D34C /* Debug */,
				5640BEAE23D4FF0D0080D34C /* Release */,
			);
			defaultConfigurationIsVisible = 0;
			defaultConfigurationName = Release;
		};
/* End XCConfigurationList section */
	};
	rootObject = 5640BE9023D4FF050080D34C /* Project object */;
}
